
Microsoft Visual Studio Solution File, Format Version 12.00
# Visual Studio 15
VisualStudioVersion = 15.0.26124.0
MinimumVisualStudioVersion = 15.0.26124.0
Project("{F2A71F9B-5D33-465A-A702-920D77279786}") = "FSharpLanguageToolKit.LspServers", "fltk-lsp-servers\FSharpLanguageToolKit.LspServers.fsproj", "{3FC554D6-593C-4C2A-A2C2-0E774E703BBC}"
EndProject
Project("{F2A71F9B-5D33-465A-A702-920D77279786}") = "FSharpLanguageToolKit.LspServerExample", "fltk-lsp-server-example\FSharpLanguageToolKit.LspServerExample.fsproj", "{BD7396E6-7113-4EA7-824C-A7822EBD17AC}"
EndProject
Project("{F2A71F9B-5D33-465A-A702-920D77279786}") = "FSharpLanguageToolKit", "fltk-lsp\FSharpLanguageToolKit.fsproj", "{499519CB-0A07-421B-9854-F7760D31583C}"
EndProject
Global
	GlobalSection(SolutionConfigurationPlatforms) = preSolution
		Debug|Any CPU = Debug|Any CPU
		Debug|x64 = Debug|x64
		Debug|x86 = Debug|x86
		Release|Any CPU = Release|Any CPU
		Release|x64 = Release|x64
		Release|x86 = Release|x86
	EndGlobalSection
	GlobalSection(SolutionProperties) = preSolution
		HideSolutionNode = FALSE
	EndGlobalSection
	GlobalSection(ProjectConfigurationPlatforms) = postSolution
		{3FC554D6-593C-4C2A-A2C2-0E774E703BBC}.Debug|Any CPU.ActiveCfg = Debug|Any CPU
		{3FC554D6-593C-4C2A-A2C2-0E774E703BBC}.Debug|Any CPU.Build.0 = Debug|Any CPU
		{3FC554D6-593C-4C2A-A2C2-0E774E703BBC}.Debug|x64.ActiveCfg = Debug|Any CPU
		{3FC554D6-593C-4C2A-A2C2-0E774E703BBC}.Debug|x64.Build.0 = Debug|Any CPU
		{3FC554D6-593C-4C2A-A2C2-0E774E703BBC}.Debug|x86.ActiveCfg = Debug|Any CPU
		{3FC554D6-593C-4C2A-A2C2-0E774E703BBC}.Debug|x86.Build.0 = Debug|Any CPU
		{3FC554D6-593C-4C2A-A2C2-0E774E703BBC}.Release|Any CPU.ActiveCfg = Release|Any CPU
		{3FC554D6-593C-4C2A-A2C2-0E774E703BBC}.Release|Any CPU.Build.0 = Release|Any CPU
		{3FC554D6-593C-4C2A-A2C2-0E774E703BBC}.Release|x64.ActiveCfg = Release|Any CPU
		{3FC554D6-593C-4C2A-A2C2-0E774E703BBC}.Release|x64.Build.0 = Release|Any CPU
		{3FC554D6-593C-4C2A-A2C2-0E774E703BBC}.Release|x86.ActiveCfg = Release|Any CPU
		{3FC554D6-593C-4C2A-A2C2-0E774E703BBC}.Release|x86.Build.0 = Release|Any CPU
		{BD7396E6-7113-4EA7-824C-A7822EBD17AC}.Debug|Any CPU.ActiveCfg = Debug|Any CPU
		{BD7396E6-7113-4EA7-824C-A7822EBD17AC}.Debug|Any CPU.Build.0 = Debug|Any CPU
		{BD7396E6-7113-4EA7-824C-A7822EBD17AC}.Debug|x64.ActiveCfg = Debug|Any CPU
		{BD7396E6-7113-4EA7-824C-A7822EBD17AC}.Debug|x64.Build.0 = Debug|Any CPU
		{BD7396E6-7113-4EA7-824C-A7822EBD17AC}.Debug|x86.ActiveCfg = Debug|Any CPU
		{BD7396E6-7113-4EA7-824C-A7822EBD17AC}.Debug|x86.Build.0 = Debug|Any CPU
		{BD7396E6-7113-4EA7-824C-A7822EBD17AC}.Release|Any CPU.ActiveCfg = Release|Any CPU
		{BD7396E6-7113-4EA7-824C-A7822EBD17AC}.Release|Any CPU.Build.0 = Release|Any CPU
		{BD7396E6-7113-4EA7-824C-A7822EBD17AC}.Release|x64.ActiveCfg = Release|Any CPU
		{BD7396E6-7113-4EA7-824C-A7822EBD17AC}.Release|x64.Build.0 = Release|Any CPU
		{BD7396E6-7113-4EA7-824C-A7822EBD17AC}.Release|x86.ActiveCfg = Release|Any CPU
		{BD7396E6-7113-4EA7-824C-A7822EBD17AC}.Release|x86.Build.0 = Release|Any CPU
		{499519CB-0A07-421B-9854-F7760D31583C}.Debug|Any CPU.ActiveCfg = Debug|Any CPU
		{499519CB-0A07-421B-9854-F7760D31583C}.Debug|Any CPU.Build.0 = Debug|Any CPU
		{499519CB-0A07-421B-9854-F7760D31583C}.Debug|x64.ActiveCfg = Debug|Any CPU
		{499519CB-0A07-421B-9854-F7760D31583C}.Debug|x64.Build.0 = Debug|Any CPU
		{499519CB-0A07-421B-9854-F7760D31583C}.Debug|x86.ActiveCfg = Debug|Any CPU
		{499519CB-0A07-421B-9854-F7760D31583C}.Debug|x86.Build.0 = Debug|Any CPU
		{499519CB-0A07-421B-9854-F7760D31583C}.Release|Any CPU.ActiveCfg = Release|Any CPU
		{499519CB-0A07-421B-9854-F7760D31583C}.Release|Any CPU.Build.0 = Release|Any CPU
		{499519CB-0A07-421B-9854-F7760D31583C}.Release|x64.ActiveCfg = Release|Any CPU
		{499519CB-0A07-421B-9854-F7760D31583C}.Release|x64.Build.0 = Release|Any CPU
		{499519CB-0A07-421B-9854-F7760D31583C}.Release|x86.ActiveCfg = Release|Any CPU
		{499519CB-0A07-421B-9854-F7760D31583C}.Release|x86.Build.0 = Release|Any CPU
	EndGlobalSection
EndGlobal
